
Microsoft Visual Studio Solution File, Format Version 12.00
# Visual Studio Version 17
VisualStudioVersion = 17.5.002.0
MinimumVisualStudioVersion = 10.0.40219.1
Project("{9A19103F-16F7-4668-BE54-9A1E7A4F7556}") = "Calculator", "Calculator.csproj", "{0129C318-69A8-41EE-A2F3-D07D65370A2D}"
EndProject
Global
	GlobalSection(SolutionConfigurationPlatforms) = preSolution
		Debug|Any CPU = Debug|Any CPU
		Release|Any CPU = Release|Any CPU
	EndGlobalSection
	GlobalSection(ProjectConfigurationPlatforms) = postSolution
		{0129C318-69A8-41EE-A2F3-D07D65370A2D}.Debug|Any CPU.ActiveCfg = Debug|Any CPU
		{0129C318-69A8-41EE-A2F3-D07D65370A2D}.Debug|Any CPU.Build.0 = Debug|Any CPU
		{0129C318-69A8-41EE-A2F3-D07D65370A2D}.Release|Any CPU.ActiveCfg = Release|Any CPU
		{0129C318-69A8-41EE-A2F3-D07D65370A2D}.Release|Any CPU.Build.0 = Release|Any CPU
	EndGlobalSection
	GlobalSection(SolutionProperties) = preSolution
		HideSolutionNode = FALSE
	EndGlobalSection
	GlobalSection(ExtensibilityGlobals) = postSolution
		SolutionGuid = {56661F66-E631-4C72-9891-B62F878571B2}
	EndGlobalSection
EndGlobal
